{
  "name": "programer",
  "lockfileVersion": 3,
  "requires": true,
  "packages": {
    "": {
      "dependencies": {
        "magic.css": "^1.4.8",
        "normalize.css": "^8.0.1"
      }
    },
    "node_modules/magic.css": {
      "version": "1.4.8",
      "resolved": "https://registry.npmjs.org/magic.css/-/magic.css-1.4.8.tgz",
      "integrity": "sha512-qL9mQf80fc61Z6p90FqWSeIEe3QBPyUa+dFqaKkJ9peNwv/1lsz16VSRUoeATgMvogdSIKQcFyRtoWu0pjHePw==",
      "license": "MIT"
    },
    "node_modules/normalize.css": {
      "version": "8.0.1",
      "resolved": "https://registry.npmjs.org/normalize.css/-/normalize.css-8.0.1.tgz",
      "integrity": "sha512-qizSNPO93t1YUuUhP22btGOo3chcvDFqFaj2TRybP0DMxkHOCTYwp3n34fel4a31ORXy4m1Xq0Gyqpb5m33qIg==",
      "license": "MIT"
    }
  }
}
